
Microsoft Visual Studio Solution File, Format Version 12.00
# Visual Studio Version 17
VisualStudioVersion = 17.9.34728.123
MinimumVisualStudioVersion = 10.0.40219.1
Project("{9A19103F-16F7-4668-BE54-9A1E7A4F7556}") = "cpDapper", "cpDapper\cpDapper.csproj", "{5B062893-A72F-4EA3-91B1-E305F227F649}"
EndProject
Global
	GlobalSection(SolutionConfigurationPlatforms) = preSolution
		Debug|Any CPU = Debug|Any CPU
		Release|Any CPU = Release|Any CPU
	EndGlobalSection
	GlobalSection(ProjectConfigurationPlatforms) = postSolution
		{5B062893-A72F-4EA3-91B1-E305F227F649}.Debug|Any CPU.ActiveCfg = Debug|Any CPU
		{5B062893-A72F-4EA3-91B1-E305F227F649}.Debug|Any CPU.Build.0 = Debug|Any CPU
		{5B062893-A72F-4EA3-91B1-E305F227F649}.Release|Any CPU.ActiveCfg = Release|Any CPU
		{5B062893-A72F-4EA3-91B1-E305F227F649}.Release|Any CPU.Build.0 = Release|Any CPU
	EndGlobalSection
	GlobalSection(SolutionProperties) = preSolution
		HideSolutionNode = FALSE
	EndGlobalSection
	GlobalSection(ExtensibilityGlobals) = postSolution
		SolutionGuid = {2910E453-FD1B-4E75-92D5-8822C5A7088E}
	EndGlobalSection
EndGlobal
